github.com/eatmoreapple/openwechat v1.4.8 h1:p/9EoC+hY/wa+1FZijH25nqfYAlc1WBwN46wsSCmuTg=
github.com/eatmoreapple/openwechat v1.4.8/go.mod h1:h4m2N8m0XsUKlm7UR8BUGkV89GNuKHCnlGV3J8n9Mpw=
github.com/joho/godotenv v1.5.1 h1:7eLL/+HRGLY0ldzfGMeQkb7vMd0as4CfYvUVzLqw0N0=
github.com/joho/godotenv v1.5.1/go.mod h1:f4LDr5Voq0i2e/R5DDNOoa2zzDfwtkZa6DnEwAbqwq4=
